
Microsoft Visual Studio Solution File, Format Version 12.00
# Visual Studio 15
VisualStudioVersion = 15.0.28010.2019
MinimumVisualStudioVersion = 10.0.40219.1
Project("{FAE04EC0-301F-11D3-BF4B-00C04F79EFBC}") = "ScheduleBuilder", "ScheduleBuilder\ScheduleBuilder.csproj", "{B8597BC2-86D1-461B-B9AD-705DE694017E}"
EndProject
Global
	GlobalSection(SolutionConfigurationPlatforms) = preSolution
		Debug|Any CPU = Debug|Any CPU
		Release|Any CPU = Release|Any CPU
	EndGlobalSection
	GlobalSection(ProjectConfigurationPlatforms) = postSolution
		{B8597BC2-86D1-461B-B9AD-705DE694017E}.Debug|Any CPU.ActiveCfg = Debug|Any CPU
		{B8597BC2-86D1-461B-B9AD-705DE694017E}.Debug|Any CPU.Build.0 = Debug|Any CPU
		{B8597BC2-86D1-461B-B9AD-705DE694017E}.Release|Any CPU.ActiveCfg = Release|Any CPU
		{B8597BC2-86D1-461B-B9AD-705DE694017E}.Release|Any CPU.Build.0 = Release|Any CPU
	EndGlobalSection
	GlobalSection(SolutionProperties) = preSolution
		HideSolutionNode = FALSE
	EndGlobalSection
	GlobalSection(ExtensibilityGlobals) = postSolution
		SolutionGuid = {72D8080F-18BE-4236-8418-7EEB06481FDB}
	EndGlobalSection
EndGlobal
